
Microsoft Visual Studio Solution File, Format Version 12.00
# Visual Studio 2012
Project("{FAE04EC0-301F-11D3-BF4B-00C04F79EFBC}") = "uMusic", "uMusic\uMusic.csproj", "{4142230E-29CF-479C-A643-B665FCB575C2}"
EndProject
Project("{54435603-DBB4-11D2-8724-00A0C9A8B90C}") = "uMusic Setup", "..\uMusic Setup\uMusic Setup\uMusic Setup.vdproj", "{E0F65FFA-B50C-4060-BB49-4CB6123A7BB0}"
EndProject
Global
	GlobalSection(SolutionConfigurationPlatforms) = preSolution
		Debug|Any CPU = Debug|Any CPU
		Release|Any CPU = Release|Any CPU
	EndGlobalSection
	GlobalSection(ProjectConfigurationPlatforms) = postSolution
		{4142230E-29CF-479C-A643-B665FCB575C2}.Debug|Any CPU.ActiveCfg = Debug|Any CPU
		{4142230E-29CF-479C-A643-B665FCB575C2}.Debug|Any CPU.Build.0 = Debug|Any CPU
		{4142230E-29CF-479C-A643-B665FCB575C2}.Release|Any CPU.ActiveCfg = Release|Any CPU
		{4142230E-29CF-479C-A643-B665FCB575C2}.Release|Any CPU.Build.0 = Release|Any CPU
		{E0F65FFA-B50C-4060-BB49-4CB6123A7BB0}.Debug|Any CPU.ActiveCfg = Debug
		{E0F65FFA-B50C-4060-BB49-4CB6123A7BB0}.Release|Any CPU.ActiveCfg = Release
	EndGlobalSection
	GlobalSection(SolutionProperties) = preSolution
		HideSolutionNode = FALSE
	EndGlobalSection
EndGlobal
